
Microsoft Visual Studio Solution File, Format Version 12.00
# Visual Studio 15
VisualStudioVersion = 15.0.28307.168
MinimumVisualStudioVersion = 10.0.40219.1
Project("{FAE04EC0-301F-11D3-BF4B-00C04F79EFBC}") = "Editor", "Editor\Editor.csproj", "{12CA3F5F-86A2-4DD5-B800-0A646EB6F19E}"
EndProject
Global
	GlobalSection(SolutionConfigurationPlatforms) = preSolution
		Debug|Any CPU = Debug|Any CPU
		Release|Any CPU = Release|Any CPU
	EndGlobalSection
	GlobalSection(ProjectConfigurationPlatforms) = postSolution
		{12CA3F5F-86A2-4DD5-B800-0A646EB6F19E}.Debug|Any CPU.ActiveCfg = Debug|Any CPU
		{12CA3F5F-86A2-4DD5-B800-0A646EB6F19E}.Debug|Any CPU.Build.0 = Debug|Any CPU
		{12CA3F5F-86A2-4DD5-B800-0A646EB6F19E}.Release|Any CPU.ActiveCfg = Release|Any CPU
		{12CA3F5F-86A2-4DD5-B800-0A646EB6F19E}.Release|Any CPU.Build.0 = Release|Any CPU
	EndGlobalSection
	GlobalSection(SolutionProperties) = preSolution
		HideSolutionNode = FALSE
	EndGlobalSection
	GlobalSection(ExtensibilityGlobals) = postSolution
		SolutionGuid = {83B9741B-5D43-4D74-A403-4E203C290A64}
	EndGlobalSection
EndGlobal
